Microsoft Visual Studio Solution File, Format Version 11.00
# Visual Studio 2008

Project("{8760EB76-345B-B945-04D7-5B8088F8A126}") = "Lemur Game", "Assembly-CSharp-firstpass.csproj", "{512FD724-F15B-B762-233D-EEE58CE8127F}"
EndProject
Project("{8760EB76-345B-B945-04D7-5B8088F8A126}") = "Lemur Game", "Assembly-CSharp.csproj", "{DA42E41F-3A44-12DD-79FA-A157854E5BC5}"
EndProject
Project("{8760EB76-345B-B945-04D7-5B8088F8A126}") = "Lemur Game", "Assembly-CSharp-Editor.csproj", "{473A3348-0152-256E-901B-64A29C0460F5}"
EndProject
Global
	GlobalSection(SolutionConfigurationPlatforms) = preSolution
		Debug|Any CPU = Debug|Any CPU
		Release|Any CPU = Release|Any CPU
	EndGlobalSection
	GlobalSection(ProjectConfigurationPlatforms) = postSolution
		{512FD724-F15B-B762-233D-EEE58CE8127F}.Debug|Any CPU.ActiveCfg = Debug|Any CPU
		{512FD724-F15B-B762-233D-EEE58CE8127F}.Debug|Any CPU.Build.0 = Debug|Any CPU
		{512FD724-F15B-B762-233D-EEE58CE8127F}.Release|Any CPU.ActiveCfg = Release|Any CPU
		{512FD724-F15B-B762-233D-EEE58CE8127F}.Release|Any CPU.Build.0 = Release|Any CPU
		{DA42E41F-3A44-12DD-79FA-A157854E5BC5}.Debug|Any CPU.ActiveCfg = Debug|Any CPU
		{DA42E41F-3A44-12DD-79FA-A157854E5BC5}.Debug|Any CPU.Build.0 = Debug|Any CPU
		{DA42E41F-3A44-12DD-79FA-A157854E5BC5}.Release|Any CPU.ActiveCfg = Release|Any CPU
		{DA42E41F-3A44-12DD-79FA-A157854E5BC5}.Release|Any CPU.Build.0 = Release|Any CPU
		{473A3348-0152-256E-901B-64A29C0460F5}.Debug|Any CPU.ActiveCfg = Debug|Any CPU
		{473A3348-0152-256E-901B-64A29C0460F5}.Debug|Any CPU.Build.0 = Debug|Any CPU
		{473A3348-0152-256E-901B-64A29C0460F5}.Release|Any CPU.ActiveCfg = Release|Any CPU
		{473A3348-0152-256E-901B-64A29C0460F5}.Release|Any CPU.Build.0 = Release|Any CPU
	EndGlobalSection
	GlobalSection(SolutionProperties) = preSolution
		HideSolutionNode = FALSE
	EndGlobalSection
	GlobalSection(MonoDevelopProperties) = preSolution
		StartupItem = Assembly-CSharp.csproj
	EndGlobalSection
EndGlobal
