Microsoft Visual Studio Solution File, Format Version 11.00
# Visual Studio 2008

Project("{911AF7AA-209E-00B4-9F3D-6FD2AFA92564}") = "Untitled", "Assembly-CSharp-firstpass.csproj", "{84CFA102-0B12-4A6C-42F1-E904551CBAEB}"
EndProject
Project("{911AF7AA-209E-00B4-9F3D-6FD2AFA92564}") = "Untitled", "Assembly-CSharp.csproj", "{68B96012-62E2-EB6E-D159-884EB7E830EB}"
EndProject
Project("{911AF7AA-209E-00B4-9F3D-6FD2AFA92564}") = "Untitled", "Assembly-CSharp-Editor.csproj", "{41CBFD2A-0160-EFF7-FBBB-0219C6F5A28E}"
EndProject
Global
	GlobalSection(SolutionConfigurationPlatforms) = preSolution
		Debug|Any CPU = Debug|Any CPU
		Release|Any CPU = Release|Any CPU
	EndGlobalSection
	GlobalSection(ProjectConfigurationPlatforms) = postSolution
		{84CFA102-0B12-4A6C-42F1-E904551CBAEB}.Debug|Any CPU.ActiveCfg = Debug|Any CPU
		{84CFA102-0B12-4A6C-42F1-E904551CBAEB}.Debug|Any CPU.Build.0 = Debug|Any CPU
		{84CFA102-0B12-4A6C-42F1-E904551CBAEB}.Release|Any CPU.ActiveCfg = Release|Any CPU
		{84CFA102-0B12-4A6C-42F1-E904551CBAEB}.Release|Any CPU.Build.0 = Release|Any CPU
		{68B96012-62E2-EB6E-D159-884EB7E830EB}.Debug|Any CPU.ActiveCfg = Debug|Any CPU
		{68B96012-62E2-EB6E-D159-884EB7E830EB}.Debug|Any CPU.Build.0 = Debug|Any CPU
		{68B96012-62E2-EB6E-D159-884EB7E830EB}.Release|Any CPU.ActiveCfg = Release|Any CPU
		{68B96012-62E2-EB6E-D159-884EB7E830EB}.Release|Any CPU.Build.0 = Release|Any CPU
		{41CBFD2A-0160-EFF7-FBBB-0219C6F5A28E}.Debug|Any CPU.ActiveCfg = Debug|Any CPU
		{41CBFD2A-0160-EFF7-FBBB-0219C6F5A28E}.Debug|Any CPU.Build.0 = Debug|Any CPU
		{41CBFD2A-0160-EFF7-FBBB-0219C6F5A28E}.Release|Any CPU.ActiveCfg = Release|Any CPU
		{41CBFD2A-0160-EFF7-FBBB-0219C6F5A28E}.Release|Any CPU.Build.0 = Release|Any CPU
	EndGlobalSection
	GlobalSection(SolutionProperties) = preSolution
		HideSolutionNode = FALSE
	EndGlobalSection
												GlobalSection(MonoDevelopProperties) = preSolution
		StartupItem = Assembly-CSharp.csproj
		Policies = $0
		$0.TextStylePolicy = $1
		$1.inheritsSet = null
		$1.scope = text/x-csharp
		$0.CSharpFormattingPolicy = $2
		$2.inheritsSet = Mono
		$2.inheritsScope = text/x-csharp
		$2.scope = text/x-csharp
		$0.TextStylePolicy = $3
		$3.FileWidth = 120
		$3.TabWidth = 4
		$3.IndentWidth = 4
		$3.EolMarker = Unix
		$3.inheritsSet = Mono
		$3.inheritsScope = text/plain
		$3.scope = text/plain
	EndGlobalSection
EndGlobal
